Microsoft Visual Studio Solution File, Format Version 12.00
# Visual Studio 15
VisualStudioVersion = 15.0.28307.779
MinimumVisualStudioVersion = 10.0.40219.1
Project("{FAE04EC0-301F-11D3-BF4B-00C04F79EFBC}") = "AutoUpdate", "AutoUpdate\AutoUpdate.csproj", "{300DF611-E6A4-447F-86CB-FD409C50CE8A}"
EndProject
Project("{FAE04EC0-301F-11D3-BF4B-00C04F79EFBC}") = "AULWriter", "AULWriter\AULWriter.csproj", "{B08770B9-EEF0-4762-8E5B-CD7AA47F8BE0}"
EndProject
Global
	GlobalSection(SolutionConfigurationPlatforms) = preSolution
		Debug|Any CPU = Debug|Any CPU
		Release|Any CPU = Release|Any CPU
	EndGlobalSection
	GlobalSection(ProjectConfigurationPlatforms) = postSolution
		{300DF611-E6A4-447F-86CB-FD409C50CE8A}.Debug|Any CPU.ActiveCfg = Debug|Any CPU
		{300DF611-E6A4-447F-86CB-FD409C50CE8A}.Debug|Any CPU.Build.0 = Debug|Any CPU
		{300DF611-E6A4-447F-86CB-FD409C50CE8A}.Release|Any CPU.ActiveCfg = Release|Any CPU
		{300DF611-E6A4-447F-86CB-FD409C50CE8A}.Release|Any CPU.Build.0 = Release|Any CPU
		{B08770B9-EEF0-4762-8E5B-CD7AA47F8BE0}.Debug|Any CPU.ActiveCfg = Debug|Any CPU
		{B08770B9-EEF0-4762-8E5B-CD7AA47F8BE0}.Debug|Any CPU.Build.0 = Debug|Any CPU
		{B08770B9-EEF0-4762-8E5B-CD7AA47F8BE0}.Release|Any CPU.ActiveCfg = Release|Any CPU
		{B08770B9-EEF0-4762-8E5B-CD7AA47F8BE0}.Release|Any CPU.Build.0 = Release|Any CPU
	EndGlobalSection
	GlobalSection(SolutionProperties) = preSolution
		HideSolutionNode = FALSE
	EndGlobalSection
	GlobalSection(ExtensibilityGlobals) = postSolution
		SolutionGuid = {6FC5658E-71D0-48B6-B6C1-DE19253F40B6}
	EndGlobalSection
EndGlobal
